
Microsoft Visual Studio Solution File, Format Version 12.00
# Visual Studio Version 17
VisualStudioVersion = 17.7.34031.279
MinimumVisualStudioVersion = 10.0.40219.1
Project("{FAE04EC0-301F-11D3-BF4B-00C04F79EFBC}") = "wangazon", "wangazon.csproj", "{EA6ECC43-7218-4378-B0FE-8757881AA439}"
EndProject
Global
	GlobalSection(SolutionConfigurationPlatforms) = preSolution
		Debug|Any CPU = Debug|Any CPU
		Release|Any CPU = Release|Any CPU
	EndGlobalSection
	GlobalSection(ProjectConfigurationPlatforms) = postSolution
		{EA6ECC43-7218-4378-B0FE-8757881AA439}.Debug|Any CPU.ActiveCfg = Debug|Any CPU
		{EA6ECC43-7218-4378-B0FE-8757881AA439}.Debug|Any CPU.Build.0 = Debug|Any CPU
		{EA6ECC43-7218-4378-B0FE-8757881AA439}.Release|Any CPU.ActiveCfg = Release|Any CPU
		{EA6ECC43-7218-4378-B0FE-8757881AA439}.Release|Any CPU.Build.0 = Release|Any CPU
	EndGlobalSection
	GlobalSection(SolutionProperties) = preSolution
		HideSolutionNode = FALSE
	EndGlobalSection
	GlobalSection(ExtensibilityGlobals) = postSolution
		SolutionGuid = {14D2E1B9-AD36-4063-8EA0-718B9854BD63}
	EndGlobalSection
EndGlobal
